
Microsoft Visual Studio Solution File, Format Version 12.00
# Visual Studio Version 16
VisualStudioVersion = 16.0.32106.194
MinimumVisualStudioVersion = 10.0.40219.1
Project("{2150E333-8FDC-42A3-9474-1A3956D46DE8}") = "Services", "Services", "{6A7221A7-C8CE-46C6-ADE5-B5909AC56BB7}"
EndProject
Project("{9A19103F-16F7-4668-BE54-9A1E7A4F7556}") = "UserService", "UserService\UserService.csproj", "{9322522A-0D4F-4D82-9B04-FC88974131A0}"
EndProject
Project("{9A19103F-16F7-4668-BE54-9A1E7A4F7556}") = "CompanyService", "CompanyService\CompanyService.csproj", "{DC75E59B-7512-4DB8-BBD7-0067B43BA879}"
EndProject
Project("{2150E333-8FDC-42A3-9474-1A3956D46DE8}") = "Companies", "Companies", "{384A6181-6686-4B61-B3E7-2DE69F700819}"
EndProject
Project("{2150E333-8FDC-42A3-9474-1A3956D46DE8}") = "Jobs", "Jobs", "{22F9E6DD-0884-41FA-B9A4-9A45C3B69CAE}"
EndProject
Project("{2150E333-8FDC-42A3-9474-1A3956D46DE8}") = "Users", "Users", "{0564D0F5-6C9E-4987-9B29-0DF55C8CD632}"
EndProject
Project("{2150E333-8FDC-42A3-9474-1A3956D46DE8}") = "Identity", "Identity", "{AB253E0D-9376-44DF-BEEF-9A618452E0B6}"
EndProject
Project("{2150E333-8FDC-42A3-9474-1A3956D46DE8}") = "API", "API", "{324FE4B6-CD52-43AF-BD20-798EC4B455E0}"
EndProject
Project("{2150E333-8FDC-42A3-9474-1A3956D46DE8}") = "Core", "Core", "{23EDE356-3705-4099-90A2-EC9A3EF8D56B}"
EndProject
Project("{2150E333-8FDC-42A3-9474-1A3956D46DE8}") = "Infrastructure", "Infrastructure", "{8A9B648D-EFC9-4121-986C-9F3910AC83AB}"
EndProject
Project("{9A19103F-16F7-4668-BE54-9A1E7A4F7556}") = "JobsCatalogApi", "JobsCatalogApi\JobsCatalogApi\JobsCatalogApi.csproj", "{EB039B57-556C-43E5-9A72-5261C2EC4A6F}"
EndProject
Project("{9A19103F-16F7-4668-BE54-9A1E7A4F7556}") = "JobsCatalog.Domain", "JobsCataologDomain\JobsCataologDomain\JobsCatalog.Domain.csproj", "{0CF47DCE-DDCD-4260-B837-6D54C60DA8DB}"
EndProject
Project("{9A19103F-16F7-4668-BE54-9A1E7A4F7556}") = "JobsCatalog.Application", "JobsCatalog.Application\JobsCatalog.Application\JobsCatalog.Application.csproj", "{183B2A2F-EFCE-4C57-B071-0EE0BFB96A1C}"
EndProject
Project("{9A19103F-16F7-4668-BE54-9A1E7A4F7556}") = "JobsCatalog.Persistance", "JobsCatalog.Persistance\JobsCatalog.Persistance\JobsCatalog.Persistance.csproj", "{B575519F-4273-4940-AB2C-830830431622}"
EndProject
Project("{2150E333-8FDC-42A3-9474-1A3956D46DE8}") = "Test", "Test", "{8E0864D8-A9B1-4FFD-AD2B-46B73594FE6B}"
EndProject
Project("{9A19103F-16F7-4668-BE54-9A1E7A4F7556}") = "JobsCatalog.Test", "JobsCatalog.Test\JobsCatalog.Test\JobsCatalog.Test.csproj", "{9F07C7C6-52D1-4269-A25B-FCD2D34039CF}"
EndProject
Project("{E53339B2-1760-4266-BCC7-CA923CBCF16C}") = "docker-compose", "docker-compose.dcproj", "{A98B39C9-5505-4A4E-902A-CF476F9EA3DE}"
EndProject
Global
	GlobalSection(SolutionConfigurationPlatforms) = preSolution
		Debug|Any CPU = Debug|Any CPU
		Release|Any CPU = Release|Any CPU
	EndGlobalSection
	GlobalSection(ProjectConfigurationPlatforms) = postSolution
		{9322522A-0D4F-4D82-9B04-FC88974131A0}.Debug|Any CPU.ActiveCfg = Debug|Any CPU
		{9322522A-0D4F-4D82-9B04-FC88974131A0}.Debug|Any CPU.Build.0 = Debug|Any CPU
		{9322522A-0D4F-4D82-9B04-FC88974131A0}.Release|Any CPU.ActiveCfg = Release|Any CPU
		{9322522A-0D4F-4D82-9B04-FC88974131A0}.Release|Any CPU.Build.0 = Release|Any CPU
		{DC75E59B-7512-4DB8-BBD7-0067B43BA879}.Debug|Any CPU.ActiveCfg = Debug|Any CPU
		{DC75E59B-7512-4DB8-BBD7-0067B43BA879}.Debug|Any CPU.Build.0 = Debug|Any CPU
		{DC75E59B-7512-4DB8-BBD7-0067B43BA879}.Release|Any CPU.ActiveCfg = Release|Any CPU
		{DC75E59B-7512-4DB8-BBD7-0067B43BA879}.Release|Any CPU.Build.0 = Release|Any CPU
		{EB039B57-556C-43E5-9A72-5261C2EC4A6F}.Debug|Any CPU.ActiveCfg = Debug|Any CPU
		{EB039B57-556C-43E5-9A72-5261C2EC4A6F}.Debug|Any CPU.Build.0 = Debug|Any CPU
		{EB039B57-556C-43E5-9A72-5261C2EC4A6F}.Release|Any CPU.ActiveCfg = Release|Any CPU
		{EB039B57-556C-43E5-9A72-5261C2EC4A6F}.Release|Any CPU.Build.0 = Release|Any CPU
		{0CF47DCE-DDCD-4260-B837-6D54C60DA8DB}.Debug|Any CPU.ActiveCfg = Debug|Any CPU
		{0CF47DCE-DDCD-4260-B837-6D54C60DA8DB}.Debug|Any CPU.Build.0 = Debug|Any CPU
		{0CF47DCE-DDCD-4260-B837-6D54C60DA8DB}.Release|Any CPU.ActiveCfg = Release|Any CPU
		{0CF47DCE-DDCD-4260-B837-6D54C60DA8DB}.Release|Any CPU.Build.0 = Release|Any CPU
		{183B2A2F-EFCE-4C57-B071-0EE0BFB96A1C}.Debug|Any CPU.ActiveCfg = Debug|Any CPU
		{183B2A2F-EFCE-4C57-B071-0EE0BFB96A1C}.Debug|Any CPU.Build.0 = Debug|Any CPU
		{183B2A2F-EFCE-4C57-B071-0EE0BFB96A1C}.Release|Any CPU.ActiveCfg = Release|Any CPU
		{183B2A2F-EFCE-4C57-B071-0EE0BFB96A1C}.Release|Any CPU.Build.0 = Release|Any CPU
		{B575519F-4273-4940-AB2C-830830431622}.Debug|Any CPU.ActiveCfg = Debug|Any CPU
		{B575519F-4273-4940-AB2C-830830431622}.Debug|Any CPU.Build.0 = Debug|Any CPU
		{B575519F-4273-4940-AB2C-830830431622}.Release|Any CPU.ActiveCfg = Release|Any CPU
		{B575519F-4273-4940-AB2C-830830431622}.Release|Any CPU.Build.0 = Release|Any CPU
		{9F07C7C6-52D1-4269-A25B-FCD2D34039CF}.Debug|Any CPU.ActiveCfg = Debug|Any CPU
		{9F07C7C6-52D1-4269-A25B-FCD2D34039CF}.Debug|Any CPU.Build.0 = Debug|Any CPU
		{9F07C7C6-52D1-4269-A25B-FCD2D34039CF}.Release|Any CPU.ActiveCfg = Release|Any CPU
		{9F07C7C6-52D1-4269-A25B-FCD2D34039CF}.Release|Any CPU.Build.0 = Release|Any CPU
		{A98B39C9-5505-4A4E-902A-CF476F9EA3DE}.Debug|Any CPU.ActiveCfg = Debug|Any CPU
		{A98B39C9-5505-4A4E-902A-CF476F9EA3DE}.Debug|Any CPU.Build.0 = Debug|Any CPU
		{A98B39C9-5505-4A4E-902A-CF476F9EA3DE}.Release|Any CPU.ActiveCfg = Release|Any CPU
		{A98B39C9-5505-4A4E-902A-CF476F9EA3DE}.Release|Any CPU.Build.0 = Release|Any CPU
	EndGlobalSection
	GlobalSection(SolutionProperties) = preSolution
		HideSolutionNode = FALSE
	EndGlobalSection
	GlobalSection(NestedProjects) = preSolution
		{9322522A-0D4F-4D82-9B04-FC88974131A0} = {0564D0F5-6C9E-4987-9B29-0DF55C8CD632}
		{DC75E59B-7512-4DB8-BBD7-0067B43BA879} = {384A6181-6686-4B61-B3E7-2DE69F700819}
		{384A6181-6686-4B61-B3E7-2DE69F700819} = {6A7221A7-C8CE-46C6-ADE5-B5909AC56BB7}
		{22F9E6DD-0884-41FA-B9A4-9A45C3B69CAE} = {6A7221A7-C8CE-46C6-ADE5-B5909AC56BB7}
		{0564D0F5-6C9E-4987-9B29-0DF55C8CD632} = {6A7221A7-C8CE-46C6-ADE5-B5909AC56BB7}
		{AB253E0D-9376-44DF-BEEF-9A618452E0B6} = {6A7221A7-C8CE-46C6-ADE5-B5909AC56BB7}
		{324FE4B6-CD52-43AF-BD20-798EC4B455E0} = {22F9E6DD-0884-41FA-B9A4-9A45C3B69CAE}
		{23EDE356-3705-4099-90A2-EC9A3EF8D56B} = {22F9E6DD-0884-41FA-B9A4-9A45C3B69CAE}
		{8A9B648D-EFC9-4121-986C-9F3910AC83AB} = {22F9E6DD-0884-41FA-B9A4-9A45C3B69CAE}
		{EB039B57-556C-43E5-9A72-5261C2EC4A6F} = {324FE4B6-CD52-43AF-BD20-798EC4B455E0}
		{0CF47DCE-DDCD-4260-B837-6D54C60DA8DB} = {23EDE356-3705-4099-90A2-EC9A3EF8D56B}
		{183B2A2F-EFCE-4C57-B071-0EE0BFB96A1C} = {23EDE356-3705-4099-90A2-EC9A3EF8D56B}
		{B575519F-4273-4940-AB2C-830830431622} = {8A9B648D-EFC9-4121-986C-9F3910AC83AB}
		{8E0864D8-A9B1-4FFD-AD2B-46B73594FE6B} = {22F9E6DD-0884-41FA-B9A4-9A45C3B69CAE}
		{9F07C7C6-52D1-4269-A25B-FCD2D34039CF} = {8E0864D8-A9B1-4FFD-AD2B-46B73594FE6B}
	EndGlobalSection
	GlobalSection(ExtensibilityGlobals) = postSolution
		SolutionGuid = {5D1F41EA-77A9-48CC-9FA7-39AA1D0DC5A2}
	EndGlobalSection
EndGlobal
